
Microsoft Visual Studio Solution File, Format Version 12.00
# Visual Studio Version 17
VisualStudioVersion = 17.10.35013.160
MinimumVisualStudioVersion = 10.0.40219.1
Project("{FAE04EC0-301F-11D3-BF4B-00C04F79EFBC}") = "TelegramBot", "TelegramBot\TelegramBot.csproj", "{C3197434-A984-447A-A7C9-96E2A559407E}"
EndProject
Global
	GlobalSection(SolutionConfigurationPlatforms) = preSolution
		Debug|Any CPU = Debug|Any CPU
		Release|Any CPU = Release|Any CPU
	EndGlobalSection
	GlobalSection(ProjectConfigurationPlatforms) = postSolution
		{C3197434-A984-447A-A7C9-96E2A559407E}.Debug|Any CPU.ActiveCfg = Debug|Any CPU
		{C3197434-A984-447A-A7C9-96E2A559407E}.Debug|Any CPU.Build.0 = Debug|Any CPU
		{C3197434-A984-447A-A7C9-96E2A559407E}.Release|Any CPU.ActiveCfg = Release|Any CPU
		{C3197434-A984-447A-A7C9-96E2A559407E}.Release|Any CPU.Build.0 = Release|Any CPU
	EndGlobalSection
	GlobalSection(SolutionProperties) = preSolution
		HideSolutionNode = FALSE
	EndGlobalSection
	GlobalSection(ExtensibilityGlobals) = postSolution
		SolutionGuid = {8CB2B019-DA8D-4B6A-B1DD-F30EE9E89F85}
	EndGlobalSection
EndGlobal
